
Microsoft Visual Studio Solution File, Format Version 12.00
# Visual Studio Version 17
VisualStudioVersion = 17.5.33318.248
MinimumVisualStudioVersion = 10.0.40219.1
Project("{9A19103F-16F7-4668-BE54-9A1E7A4F7556}") = "LinqExamples", "LinqExamples\LinqExamples.csproj", "{A20DA3F4-3405-4358-B41B-F8CC72DEEFD1}"
EndProject
Project("{9A19103F-16F7-4668-BE54-9A1E7A4F7556}") = "LinqWhere", "LinqWhere\LinqWhere.csproj", "{A2B948B9-12DB-4DCF-B458-225CABC4B6C4}"
EndProject
Project("{9A19103F-16F7-4668-BE54-9A1E7A4F7556}") = "LinqFirst", "LinqFirst\LinqFirst.csproj", "{833FD1F1-C321-4A34-A84F-A4E6E295B3CF}"
EndProject
Project("{FAE04EC0-301F-11D3-BF4B-00C04F79EFBC}") = "LinqSingle", "LinqSingle\LinqSingle.csproj", "{B4287817-CC36-44E6-B57C-31C35CBFE49A}"
EndProject
Project("{FAE04EC0-301F-11D3-BF4B-00C04F79EFBC}") = "LinqLast", "LinqLast\LinqLast.csproj", "{820659E9-EFE1-439E-9DBB-749A2E5516B6}"
EndProject
Global
	GlobalSection(SolutionConfigurationPlatforms) = preSolution
		Debug|Any CPU = Debug|Any CPU
		Release|Any CPU = Release|Any CPU
	EndGlobalSection
	GlobalSection(ProjectConfigurationPlatforms) = postSolution
		{A20DA3F4-3405-4358-B41B-F8CC72DEEFD1}.Debug|Any CPU.ActiveCfg = Debug|Any CPU
		{A20DA3F4-3405-4358-B41B-F8CC72DEEFD1}.Debug|Any CPU.Build.0 = Debug|Any CPU
		{A20DA3F4-3405-4358-B41B-F8CC72DEEFD1}.Release|Any CPU.ActiveCfg = Release|Any CPU
		{A20DA3F4-3405-4358-B41B-F8CC72DEEFD1}.Release|Any CPU.Build.0 = Release|Any CPU
		{A2B948B9-12DB-4DCF-B458-225CABC4B6C4}.Debug|Any CPU.ActiveCfg = Debug|Any CPU
		{A2B948B9-12DB-4DCF-B458-225CABC4B6C4}.Debug|Any CPU.Build.0 = Debug|Any CPU
		{A2B948B9-12DB-4DCF-B458-225CABC4B6C4}.Release|Any CPU.ActiveCfg = Release|Any CPU
		{A2B948B9-12DB-4DCF-B458-225CABC4B6C4}.Release|Any CPU.Build.0 = Release|Any CPU
		{833FD1F1-C321-4A34-A84F-A4E6E295B3CF}.Debug|Any CPU.ActiveCfg = Debug|Any CPU
		{833FD1F1-C321-4A34-A84F-A4E6E295B3CF}.Debug|Any CPU.Build.0 = Debug|Any CPU
		{833FD1F1-C321-4A34-A84F-A4E6E295B3CF}.Release|Any CPU.ActiveCfg = Release|Any CPU
		{833FD1F1-C321-4A34-A84F-A4E6E295B3CF}.Release|Any CPU.Build.0 = Release|Any CPU
		{B4287817-CC36-44E6-B57C-31C35CBFE49A}.Debug|Any CPU.ActiveCfg = Debug|Any CPU
		{B4287817-CC36-44E6-B57C-31C35CBFE49A}.Debug|Any CPU.Build.0 = Debug|Any CPU
		{B4287817-CC36-44E6-B57C-31C35CBFE49A}.Release|Any CPU.ActiveCfg = Release|Any CPU
		{B4287817-CC36-44E6-B57C-31C35CBFE49A}.Release|Any CPU.Build.0 = Release|Any CPU
		{820659E9-EFE1-439E-9DBB-749A2E5516B6}.Debug|Any CPU.ActiveCfg = Debug|Any CPU
		{820659E9-EFE1-439E-9DBB-749A2E5516B6}.Debug|Any CPU.Build.0 = Debug|Any CPU
		{820659E9-EFE1-439E-9DBB-749A2E5516B6}.Release|Any CPU.ActiveCfg = Release|Any CPU
		{820659E9-EFE1-439E-9DBB-749A2E5516B6}.Release|Any CPU.Build.0 = Release|Any CPU
	EndGlobalSection
	GlobalSection(SolutionProperties) = preSolution
		HideSolutionNode = FALSE
	EndGlobalSection
	GlobalSection(ExtensibilityGlobals) = postSolution
		SolutionGuid = {0E82E8A8-B83A-4838-B902-AD8C4E8AEFF6}
	EndGlobalSection
EndGlobal
