
Microsoft Visual Studio Solution File, Format Version 12.00
# Visual Studio Version 17
VisualStudioVersion = 17.5.33318.248
MinimumVisualStudioVersion = 10.0.40219.1
Project("{9A19103F-16F7-4668-BE54-9A1E7A4F7556}") = "LinqExamples", "LinqExamples\LinqExamples.csproj", "{A20DA3F4-3405-4358-B41B-F8CC72DEEFD1}"
EndProject
Project("{9A19103F-16F7-4668-BE54-9A1E7A4F7556}") = "LinqWhere", "LinqWhere\LinqWhere.csproj", "{A2B948B9-12DB-4DCF-B458-225CABC4B6C4}"
EndProject
Project("{9A19103F-16F7-4668-BE54-9A1E7A4F7556}") = "LinqFirst", "LinqFirst\LinqFirst.csproj", "{833FD1F1-C321-4A34-A84F-A4E6E295B3CF}"
EndProject
Project("{9A19103F-16F7-4668-BE54-9A1E7A4F7556}") = "LinqSingle", "LinqSingle\LinqSingle.csproj", "{B4287817-CC36-44E6-B57C-31C35CBFE49A}"
EndProject
Project("{9A19103F-16F7-4668-BE54-9A1E7A4F7556}") = "LinqLast", "LinqLast\LinqLast.csproj", "{820659E9-EFE1-439E-9DBB-749A2E5516B6}"
EndProject
Project("{9A19103F-16F7-4668-BE54-9A1E7A4F7556}") = "LinqSelect", "LinqSelect\LinqSelect.csproj", "{CA63D027-816D-48E3-8505-249DF798CFCC}"
EndProject
Project("{9A19103F-16F7-4668-BE54-9A1E7A4F7556}") = "LinqSelectMany", "LinqSelectMany\LinqSelectMany.csproj", "{EE3E87A5-DB23-4857-B105-082563A0A611}"
EndProject
Project("{2150E333-8FDC-42A3-9474-1A3956D46DE8}") = "Filtering", "Filtering", "{308C98B3-22FC-462F-96F7-05EC65280CC8}"
EndProject
Project("{2150E333-8FDC-42A3-9474-1A3956D46DE8}") = "Grouping", "Grouping", "{973AE269-992B-43EC-A955-A7349995E995}"
EndProject
Project("{2150E333-8FDC-42A3-9474-1A3956D46DE8}") = "Element", "Element", "{0198CF63-8C7F-48E4-B824-C75EA52228BC}"
EndProject
Project("{2150E333-8FDC-42A3-9474-1A3956D46DE8}") = "Quantification", "Quantification", "{61D3E81B-36B6-4026-BD15-60CFB5D04C7D}"
EndProject
Project("{2150E333-8FDC-42A3-9474-1A3956D46DE8}") = "Set", "Set", "{20E1D17F-E808-4347-A5B7-2E5AF9008B40}"
EndProject
Project("{2150E333-8FDC-42A3-9474-1A3956D46DE8}") = "Aggregation", "Aggregation", "{F44D8C12-695E-474A-ADC8-DCED6FE2E579}"
EndProject
Project("{2150E333-8FDC-42A3-9474-1A3956D46DE8}") = "Projection", "Projection", "{38DD623A-DDBD-4BA5-9FCB-E64BE7530DB7}"
EndProject
Project("{2150E333-8FDC-42A3-9474-1A3956D46DE8}") = "Materialization and Conversion", "Materialization and Conversion", "{A4E401D5-234E-4FEC-8813-3CA68DDDF1C3}"
EndProject
Project("{2150E333-8FDC-42A3-9474-1A3956D46DE8}") = "Merging", "Merging", "{B8E08BDB-2517-4F58-AF61-06EEE294D9DA}"
EndProject
Project("{9A19103F-16F7-4668-BE54-9A1E7A4F7556}") = "LinqTake", "LinqTake\LinqTake.csproj", "{7A6D59CE-1444-420E-A4D1-3797315379F3}"
EndProject
Project("{9A19103F-16F7-4668-BE54-9A1E7A4F7556}") = "LinqSkip", "LinqSkip\LinqSkip.csproj", "{A74F2671-3890-49A8-B75B-D855061A5DDC}"
EndProject
Project("{9A19103F-16F7-4668-BE54-9A1E7A4F7556}") = "LinqDistinct", "LinqDistinct\LinqDistinct.csproj", "{CA13197C-8DD2-42C9-97CC-D740B968F727}"
EndProject
Project("{9A19103F-16F7-4668-BE54-9A1E7A4F7556}") = "LinqSkipWhile", "LinqSkipWhile\LinqSkipWhile.csproj", "{E9B4C867-9205-4BF7-9714-5BE9AAD8DB8F}"
EndProject
Project("{9A19103F-16F7-4668-BE54-9A1E7A4F7556}") = "LinqTakeWhile", "LinqTakeWhile\LinqTakeWhile.csproj", "{3C5A223A-F154-4B7C-A264-FD4A1EBA9B29}"
EndProject
Project("{9A19103F-16F7-4668-BE54-9A1E7A4F7556}") = "LinqOrderBy", "LinqOrderBy\LinqOrderBy.csproj", "{3E494B06-F3C1-448D-93F7-31E334A372CB}"
EndProject
Project("{9A19103F-16F7-4668-BE54-9A1E7A4F7556}") = "LinqUnion", "LinqUnion\LinqUnion.csproj", "{60F8D330-4473-4B13-A120-5DB2E2E3EBAC}"
EndProject
Project("{2150E333-8FDC-42A3-9474-1A3956D46DE8}") = "Sorting", "Sorting", "{EA24DEAD-0A83-4B7C-A43B-817585DC70B9}"
EndProject
Project("{9A19103F-16F7-4668-BE54-9A1E7A4F7556}") = "LinqIntersect", "LinqIntersect\LinqIntersect.csproj", "{D125D924-2A58-4328-88F9-1A0F2C2D5A30}"
EndProject
Project("{9A19103F-16F7-4668-BE54-9A1E7A4F7556}") = "LinqExcept", "LinqExcept\LinqExcept.csproj", "{41855974-B1B0-4345-8F7E-2D81FDAC102E}"
EndProject
Project("{9A19103F-16F7-4668-BE54-9A1E7A4F7556}") = "LinqAll", "LinqAll\LinqAll.csproj", "{01284D4A-BC6B-4586-AE81-CA32ABAC7719}"
EndProject
Project("{9A19103F-16F7-4668-BE54-9A1E7A4F7556}") = "LinqAny", "LinqAny\LinqAny.csproj", "{A948A2E5-3336-4F7F-A308-BDC1AE2F2899}"
EndProject
Project("{9A19103F-16F7-4668-BE54-9A1E7A4F7556}") = "LinqGroup", "LinqGroup\LinqGroup.csproj", "{FA609AD0-1938-4DEA-BA8B-B88724CBEB4D}"
EndProject
Project("{9A19103F-16F7-4668-BE54-9A1E7A4F7556}") = "LinqJoin", "LinqJoin\LinqJoin.csproj", "{6ECD35CF-BB65-4FB6-A6FD-E0D551C3234C}"
EndProject
Project("{FAE04EC0-301F-11D3-BF4B-00C04F79EFBC}") = "LinqCount", "LinqCount\LinqCount.csproj", "{424542AD-F5ED-4B86-8ACC-A6075C6558A2}"
EndProject
Project("{FAE04EC0-301F-11D3-BF4B-00C04F79EFBC}") = "Aggregate", "Aggregate\Aggregate.csproj", "{B56BD988-DE7A-4292-A8BA-127DF87C5E52}"
EndProject
Global
	GlobalSection(SolutionConfigurationPlatforms) = preSolution
		Debug|Any CPU = Debug|Any CPU
		Release|Any CPU = Release|Any CPU
	EndGlobalSection
	GlobalSection(ProjectConfigurationPlatforms) = postSolution
		{A20DA3F4-3405-4358-B41B-F8CC72DEEFD1}.Debug|Any CPU.ActiveCfg = Debug|Any CPU
		{A20DA3F4-3405-4358-B41B-F8CC72DEEFD1}.Debug|Any CPU.Build.0 = Debug|Any CPU
		{A20DA3F4-3405-4358-B41B-F8CC72DEEFD1}.Release|Any CPU.ActiveCfg = Release|Any CPU
		{A20DA3F4-3405-4358-B41B-F8CC72DEEFD1}.Release|Any CPU.Build.0 = Release|Any CPU
		{A2B948B9-12DB-4DCF-B458-225CABC4B6C4}.Debug|Any CPU.ActiveCfg = Debug|Any CPU
		{A2B948B9-12DB-4DCF-B458-225CABC4B6C4}.Debug|Any CPU.Build.0 = Debug|Any CPU
		{A2B948B9-12DB-4DCF-B458-225CABC4B6C4}.Release|Any CPU.ActiveCfg = Release|Any CPU
		{A2B948B9-12DB-4DCF-B458-225CABC4B6C4}.Release|Any CPU.Build.0 = Release|Any CPU
		{833FD1F1-C321-4A34-A84F-A4E6E295B3CF}.Debug|Any CPU.ActiveCfg = Debug|Any CPU
		{833FD1F1-C321-4A34-A84F-A4E6E295B3CF}.Debug|Any CPU.Build.0 = Debug|Any CPU
		{833FD1F1-C321-4A34-A84F-A4E6E295B3CF}.Release|Any CPU.ActiveCfg = Release|Any CPU
		{833FD1F1-C321-4A34-A84F-A4E6E295B3CF}.Release|Any CPU.Build.0 = Release|Any CPU
		{B4287817-CC36-44E6-B57C-31C35CBFE49A}.Debug|Any CPU.ActiveCfg = Debug|Any CPU
		{B4287817-CC36-44E6-B57C-31C35CBFE49A}.Debug|Any CPU.Build.0 = Debug|Any CPU
		{B4287817-CC36-44E6-B57C-31C35CBFE49A}.Release|Any CPU.ActiveCfg = Release|Any CPU
		{B4287817-CC36-44E6-B57C-31C35CBFE49A}.Release|Any CPU.Build.0 = Release|Any CPU
		{820659E9-EFE1-439E-9DBB-749A2E5516B6}.Debug|Any CPU.ActiveCfg = Debug|Any CPU
		{820659E9-EFE1-439E-9DBB-749A2E5516B6}.Debug|Any CPU.Build.0 = Debug|Any CPU
		{820659E9-EFE1-439E-9DBB-749A2E5516B6}.Release|Any CPU.ActiveCfg = Release|Any CPU
		{820659E9-EFE1-439E-9DBB-749A2E5516B6}.Release|Any CPU.Build.0 = Release|Any CPU
		{CA63D027-816D-48E3-8505-249DF798CFCC}.Debug|Any CPU.ActiveCfg = Debug|Any CPU
		{CA63D027-816D-48E3-8505-249DF798CFCC}.Debug|Any CPU.Build.0 = Debug|Any CPU
		{CA63D027-816D-48E3-8505-249DF798CFCC}.Release|Any CPU.ActiveCfg = Release|Any CPU
		{CA63D027-816D-48E3-8505-249DF798CFCC}.Release|Any CPU.Build.0 = Release|Any CPU
		{EE3E87A5-DB23-4857-B105-082563A0A611}.Debug|Any CPU.ActiveCfg = Debug|Any CPU
		{EE3E87A5-DB23-4857-B105-082563A0A611}.Debug|Any CPU.Build.0 = Debug|Any CPU
		{EE3E87A5-DB23-4857-B105-082563A0A611}.Release|Any CPU.ActiveCfg = Release|Any CPU
		{EE3E87A5-DB23-4857-B105-082563A0A611}.Release|Any CPU.Build.0 = Release|Any CPU
		{7A6D59CE-1444-420E-A4D1-3797315379F3}.Debug|Any CPU.ActiveCfg = Debug|Any CPU
		{7A6D59CE-1444-420E-A4D1-3797315379F3}.Debug|Any CPU.Build.0 = Debug|Any CPU
		{7A6D59CE-1444-420E-A4D1-3797315379F3}.Release|Any CPU.ActiveCfg = Release|Any CPU
		{7A6D59CE-1444-420E-A4D1-3797315379F3}.Release|Any CPU.Build.0 = Release|Any CPU
		{A74F2671-3890-49A8-B75B-D855061A5DDC}.Debug|Any CPU.ActiveCfg = Debug|Any CPU
		{A74F2671-3890-49A8-B75B-D855061A5DDC}.Debug|Any CPU.Build.0 = Debug|Any CPU
		{A74F2671-3890-49A8-B75B-D855061A5DDC}.Release|Any CPU.ActiveCfg = Release|Any CPU
		{A74F2671-3890-49A8-B75B-D855061A5DDC}.Release|Any CPU.Build.0 = Release|Any CPU
		{CA13197C-8DD2-42C9-97CC-D740B968F727}.Debug|Any CPU.ActiveCfg = Debug|Any CPU
		{CA13197C-8DD2-42C9-97CC-D740B968F727}.Debug|Any CPU.Build.0 = Debug|Any CPU
		{CA13197C-8DD2-42C9-97CC-D740B968F727}.Release|Any CPU.ActiveCfg = Release|Any CPU
		{CA13197C-8DD2-42C9-97CC-D740B968F727}.Release|Any CPU.Build.0 = Release|Any CPU
		{E9B4C867-9205-4BF7-9714-5BE9AAD8DB8F}.Debug|Any CPU.ActiveCfg = Debug|Any CPU
		{E9B4C867-9205-4BF7-9714-5BE9AAD8DB8F}.Debug|Any CPU.Build.0 = Debug|Any CPU
		{E9B4C867-9205-4BF7-9714-5BE9AAD8DB8F}.Release|Any CPU.ActiveCfg = Release|Any CPU
		{E9B4C867-9205-4BF7-9714-5BE9AAD8DB8F}.Release|Any CPU.Build.0 = Release|Any CPU
		{3C5A223A-F154-4B7C-A264-FD4A1EBA9B29}.Debug|Any CPU.ActiveCfg = Debug|Any CPU
		{3C5A223A-F154-4B7C-A264-FD4A1EBA9B29}.Debug|Any CPU.Build.0 = Debug|Any CPU
		{3C5A223A-F154-4B7C-A264-FD4A1EBA9B29}.Release|Any CPU.ActiveCfg = Release|Any CPU
		{3C5A223A-F154-4B7C-A264-FD4A1EBA9B29}.Release|Any CPU.Build.0 = Release|Any CPU
		{3E494B06-F3C1-448D-93F7-31E334A372CB}.Debug|Any CPU.ActiveCfg = Debug|Any CPU
		{3E494B06-F3C1-448D-93F7-31E334A372CB}.Debug|Any CPU.Build.0 = Debug|Any CPU
		{3E494B06-F3C1-448D-93F7-31E334A372CB}.Release|Any CPU.ActiveCfg = Release|Any CPU
		{3E494B06-F3C1-448D-93F7-31E334A372CB}.Release|Any CPU.Build.0 = Release|Any CPU
		{60F8D330-4473-4B13-A120-5DB2E2E3EBAC}.Debug|Any CPU.ActiveCfg = Debug|Any CPU
		{60F8D330-4473-4B13-A120-5DB2E2E3EBAC}.Debug|Any CPU.Build.0 = Debug|Any CPU
		{60F8D330-4473-4B13-A120-5DB2E2E3EBAC}.Release|Any CPU.ActiveCfg = Release|Any CPU
		{60F8D330-4473-4B13-A120-5DB2E2E3EBAC}.Release|Any CPU.Build.0 = Release|Any CPU
		{D125D924-2A58-4328-88F9-1A0F2C2D5A30}.Debug|Any CPU.ActiveCfg = Debug|Any CPU
		{D125D924-2A58-4328-88F9-1A0F2C2D5A30}.Debug|Any CPU.Build.0 = Debug|Any CPU
		{D125D924-2A58-4328-88F9-1A0F2C2D5A30}.Release|Any CPU.ActiveCfg = Release|Any CPU
		{D125D924-2A58-4328-88F9-1A0F2C2D5A30}.Release|Any CPU.Build.0 = Release|Any CPU
		{41855974-B1B0-4345-8F7E-2D81FDAC102E}.Debug|Any CPU.ActiveCfg = Debug|Any CPU
		{41855974-B1B0-4345-8F7E-2D81FDAC102E}.Debug|Any CPU.Build.0 = Debug|Any CPU
		{41855974-B1B0-4345-8F7E-2D81FDAC102E}.Release|Any CPU.ActiveCfg = Release|Any CPU
		{41855974-B1B0-4345-8F7E-2D81FDAC102E}.Release|Any CPU.Build.0 = Release|Any CPU
		{01284D4A-BC6B-4586-AE81-CA32ABAC7719}.Debug|Any CPU.ActiveCfg = Debug|Any CPU
		{01284D4A-BC6B-4586-AE81-CA32ABAC7719}.Debug|Any CPU.Build.0 = Debug|Any CPU
		{01284D4A-BC6B-4586-AE81-CA32ABAC7719}.Release|Any CPU.ActiveCfg = Release|Any CPU
		{01284D4A-BC6B-4586-AE81-CA32ABAC7719}.Release|Any CPU.Build.0 = Release|Any CPU
		{A948A2E5-3336-4F7F-A308-BDC1AE2F2899}.Debug|Any CPU.ActiveCfg = Debug|Any CPU
		{A948A2E5-3336-4F7F-A308-BDC1AE2F2899}.Debug|Any CPU.Build.0 = Debug|Any CPU
		{A948A2E5-3336-4F7F-A308-BDC1AE2F2899}.Release|Any CPU.ActiveCfg = Release|Any CPU
		{A948A2E5-3336-4F7F-A308-BDC1AE2F2899}.Release|Any CPU.Build.0 = Release|Any CPU
		{FA609AD0-1938-4DEA-BA8B-B88724CBEB4D}.Debug|Any CPU.ActiveCfg = Debug|Any CPU
		{FA609AD0-1938-4DEA-BA8B-B88724CBEB4D}.Debug|Any CPU.Build.0 = Debug|Any CPU
		{FA609AD0-1938-4DEA-BA8B-B88724CBEB4D}.Release|Any CPU.ActiveCfg = Release|Any CPU
		{FA609AD0-1938-4DEA-BA8B-B88724CBEB4D}.Release|Any CPU.Build.0 = Release|Any CPU
		{6ECD35CF-BB65-4FB6-A6FD-E0D551C3234C}.Debug|Any CPU.ActiveCfg = Debug|Any CPU
		{6ECD35CF-BB65-4FB6-A6FD-E0D551C3234C}.Debug|Any CPU.Build.0 = Debug|Any CPU
		{6ECD35CF-BB65-4FB6-A6FD-E0D551C3234C}.Release|Any CPU.ActiveCfg = Release|Any CPU
		{6ECD35CF-BB65-4FB6-A6FD-E0D551C3234C}.Release|Any CPU.Build.0 = Release|Any CPU
		{424542AD-F5ED-4B86-8ACC-A6075C6558A2}.Debug|Any CPU.ActiveCfg = Debug|Any CPU
		{424542AD-F5ED-4B86-8ACC-A6075C6558A2}.Debug|Any CPU.Build.0 = Debug|Any CPU
		{424542AD-F5ED-4B86-8ACC-A6075C6558A2}.Release|Any CPU.ActiveCfg = Release|Any CPU
		{424542AD-F5ED-4B86-8ACC-A6075C6558A2}.Release|Any CPU.Build.0 = Release|Any CPU
		{B56BD988-DE7A-4292-A8BA-127DF87C5E52}.Debug|Any CPU.ActiveCfg = Debug|Any CPU
		{B56BD988-DE7A-4292-A8BA-127DF87C5E52}.Debug|Any CPU.Build.0 = Debug|Any CPU
		{B56BD988-DE7A-4292-A8BA-127DF87C5E52}.Release|Any CPU.ActiveCfg = Release|Any CPU
		{B56BD988-DE7A-4292-A8BA-127DF87C5E52}.Release|Any CPU.Build.0 = Release|Any CPU
	EndGlobalSection
	GlobalSection(SolutionProperties) = preSolution
		HideSolutionNode = FALSE
	EndGlobalSection
	GlobalSection(NestedProjects) = preSolution
		{A2B948B9-12DB-4DCF-B458-225CABC4B6C4} = {308C98B3-22FC-462F-96F7-05EC65280CC8}
		{833FD1F1-C321-4A34-A84F-A4E6E295B3CF} = {0198CF63-8C7F-48E4-B824-C75EA52228BC}
		{B4287817-CC36-44E6-B57C-31C35CBFE49A} = {0198CF63-8C7F-48E4-B824-C75EA52228BC}
		{820659E9-EFE1-439E-9DBB-749A2E5516B6} = {0198CF63-8C7F-48E4-B824-C75EA52228BC}
		{CA63D027-816D-48E3-8505-249DF798CFCC} = {38DD623A-DDBD-4BA5-9FCB-E64BE7530DB7}
		{EE3E87A5-DB23-4857-B105-082563A0A611} = {38DD623A-DDBD-4BA5-9FCB-E64BE7530DB7}
		{7A6D59CE-1444-420E-A4D1-3797315379F3} = {308C98B3-22FC-462F-96F7-05EC65280CC8}
		{A74F2671-3890-49A8-B75B-D855061A5DDC} = {308C98B3-22FC-462F-96F7-05EC65280CC8}
		{CA13197C-8DD2-42C9-97CC-D740B968F727} = {308C98B3-22FC-462F-96F7-05EC65280CC8}
		{E9B4C867-9205-4BF7-9714-5BE9AAD8DB8F} = {308C98B3-22FC-462F-96F7-05EC65280CC8}
		{3C5A223A-F154-4B7C-A264-FD4A1EBA9B29} = {308C98B3-22FC-462F-96F7-05EC65280CC8}
		{3E494B06-F3C1-448D-93F7-31E334A372CB} = {EA24DEAD-0A83-4B7C-A43B-817585DC70B9}
		{60F8D330-4473-4B13-A120-5DB2E2E3EBAC} = {20E1D17F-E808-4347-A5B7-2E5AF9008B40}
		{D125D924-2A58-4328-88F9-1A0F2C2D5A30} = {20E1D17F-E808-4347-A5B7-2E5AF9008B40}
		{41855974-B1B0-4345-8F7E-2D81FDAC102E} = {20E1D17F-E808-4347-A5B7-2E5AF9008B40}
		{01284D4A-BC6B-4586-AE81-CA32ABAC7719} = {61D3E81B-36B6-4026-BD15-60CFB5D04C7D}
		{A948A2E5-3336-4F7F-A308-BDC1AE2F2899} = {61D3E81B-36B6-4026-BD15-60CFB5D04C7D}
		{FA609AD0-1938-4DEA-BA8B-B88724CBEB4D} = {973AE269-992B-43EC-A955-A7349995E995}
		{6ECD35CF-BB65-4FB6-A6FD-E0D551C3234C} = {B8E08BDB-2517-4F58-AF61-06EEE294D9DA}
		{424542AD-F5ED-4B86-8ACC-A6075C6558A2} = {F44D8C12-695E-474A-ADC8-DCED6FE2E579}
		{B56BD988-DE7A-4292-A8BA-127DF87C5E52} = {F44D8C12-695E-474A-ADC8-DCED6FE2E579}
	EndGlobalSection
	GlobalSection(ExtensibilityGlobals) = postSolution
		SolutionGuid = {0E82E8A8-B83A-4838-B902-AD8C4E8AEFF6}
	EndGlobalSection
EndGlobal
